
Microsoft Visual Studio Solution File, Format Version 12.00
# Visual Studio Version 17
VisualStudioVersion = 17.10.35027.167
MinimumVisualStudioVersion = 10.0.40219.1
Project("{FAE04EC0-301F-11D3-BF4B-00C04F79EFBC}") = "ProduccionWebAPI", "ProduccionWebAPI.csproj", "{F08F99B7-1EAD-4957-B01A-6014B457F7E9}"
EndProject
Project("{9A19103F-16F7-4668-BE54-9A1E7A4F7556}") = "ProduccionBack", "D:\UTN\TUP PROG II\2025\Repo\TUPROGII2025\WebAPI-Dll\ProduccionBack\ProduccionBack.csproj", "{C26AD778-99C9-43AA-A699-98BE8DF6D3B8}"
EndProject
Global
	GlobalSection(SolutionConfigurationPlatforms) = preSolution
		Debug|Any CPU = Debug|Any CPU
		Release|Any CPU = Release|Any CPU
	EndGlobalSection
	GlobalSection(ProjectConfigurationPlatforms) = postSolution
		{F08F99B7-1EAD-4957-B01A-6014B457F7E9}.Debug|Any CPU.ActiveCfg = Debug|Any CPU
		{F08F99B7-1EAD-4957-B01A-6014B457F7E9}.Debug|Any CPU.Build.0 = Debug|Any CPU
		{F08F99B7-1EAD-4957-B01A-6014B457F7E9}.Release|Any CPU.ActiveCfg = Release|Any CPU
		{F08F99B7-1EAD-4957-B01A-6014B457F7E9}.Release|Any CPU.Build.0 = Release|Any CPU
		{C26AD778-99C9-43AA-A699-98BE8DF6D3B8}.Debug|Any CPU.ActiveCfg = Debug|Any CPU
		{C26AD778-99C9-43AA-A699-98BE8DF6D3B8}.Debug|Any CPU.Build.0 = Debug|Any CPU
		{C26AD778-99C9-43AA-A699-98BE8DF6D3B8}.Release|Any CPU.ActiveCfg = Release|Any CPU
		{C26AD778-99C9-43AA-A699-98BE8DF6D3B8}.Release|Any CPU.Build.0 = Release|Any CPU
	EndGlobalSection
	GlobalSection(SolutionProperties) = preSolution
		HideSolutionNode = FALSE
	EndGlobalSection
	GlobalSection(ExtensibilityGlobals) = postSolution
		SolutionGuid = {FF09F59D-EB1E-47FA-AB03-C5A08BD43D12}
	EndGlobalSection
EndGlobal
